
Microsoft Visual Studio Solution File, Format Version 12.00
Project("{F2A71F9B-5D33-465A-A702-920D77279786}") = "FameBoy", "src\FameBoy\FameBoy.fsproj", "{227F3F28-D2BC-4FA7-BAA2-8E4EA7750A6C}"
EndProject
Project("{2150E333-8FDC-42A3-9474-1A3956D46DE8}") = "misc", "misc", "{6B2313EE-9010-4AC2-B5BE-B09D2B079CED}"
	ProjectSection(SolutionItems) = preProject
		README.md = README.md
		.gitignore = .gitignore
		dotnet-tools.json = dotnet-tools.json
	EndProjectSection
EndProject
Project("{F2A71F9B-5D33-465A-A702-920D77279786}") = "FameBoy.Test", "src\FameBoy.Test\FameBoy.Test.fsproj", "{BBB139AD-12DF-4FE1-86DA-5271403F0A48}"
EndProject
Project("{F2A71F9B-5D33-465A-A702-920D77279786}") = "FameBoy.Raylib", "src\FameBoy.Raylib\FameBoy.Raylib.fsproj", "{20640AF0-4FE8-4914-89BF-00C01D89DC40}"
EndProject
Project("{F2A71F9B-5D33-465A-A702-920D77279786}") = "FameBoy.Web", "src\FameBoy.Web\FameBoy.Web.fsproj", "{DD9707E0-2B01-4EBF-9A69-CEFB41781F32}"
EndProject
Project("{FAE04EC0-301F-11D3-BF4B-00C04F79EFBC}") = "FameBoy.Wasm", "src\FameBoy.Wasm\FameBoy.Wasm.csproj", "{87945845-F6C0-44BC-A085-66D613FE37AC}"
EndProject
Global
	GlobalSection(SolutionConfigurationPlatforms) = preSolution
		Debug|Any CPU = Debug|Any CPU
		Release|Any CPU = Release|Any CPU
	EndGlobalSection
	GlobalSection(ProjectConfigurationPlatforms) = postSolution
		{227F3F28-D2BC-4FA7-BAA2-8E4EA7750A6C}.Debug|Any CPU.ActiveCfg = Debug|Any CPU
		{227F3F28-D2BC-4FA7-BAA2-8E4EA7750A6C}.Debug|Any CPU.Build.0 = Debug|Any CPU
		{227F3F28-D2BC-4FA7-BAA2-8E4EA7750A6C}.Release|Any CPU.ActiveCfg = Release|Any CPU
		{227F3F28-D2BC-4FA7-BAA2-8E4EA7750A6C}.Release|Any CPU.Build.0 = Release|Any CPU
		{BBB139AD-12DF-4FE1-86DA-5271403F0A48}.Debug|Any CPU.ActiveCfg = Debug|Any CPU
		{BBB139AD-12DF-4FE1-86DA-5271403F0A48}.Debug|Any CPU.Build.0 = Debug|Any CPU
		{BBB139AD-12DF-4FE1-86DA-5271403F0A48}.Release|Any CPU.ActiveCfg = Release|Any CPU
		{BBB139AD-12DF-4FE1-86DA-5271403F0A48}.Release|Any CPU.Build.0 = Release|Any CPU
		{20640AF0-4FE8-4914-89BF-00C01D89DC40}.Debug|Any CPU.ActiveCfg = Debug|Any CPU
		{20640AF0-4FE8-4914-89BF-00C01D89DC40}.Debug|Any CPU.Build.0 = Debug|Any CPU
		{20640AF0-4FE8-4914-89BF-00C01D89DC40}.Release|Any CPU.ActiveCfg = Release|Any CPU
		{20640AF0-4FE8-4914-89BF-00C01D89DC40}.Release|Any CPU.Build.0 = Release|Any CPU
		{DD9707E0-2B01-4EBF-9A69-CEFB41781F32}.Debug|Any CPU.ActiveCfg = Debug|Any CPU
		{DD9707E0-2B01-4EBF-9A69-CEFB41781F32}.Debug|Any CPU.Build.0 = Debug|Any CPU
		{DD9707E0-2B01-4EBF-9A69-CEFB41781F32}.Release|Any CPU.ActiveCfg = Release|Any CPU
		{DD9707E0-2B01-4EBF-9A69-CEFB41781F32}.Release|Any CPU.Build.0 = Release|Any CPU
		{87945845-F6C0-44BC-A085-66D613FE37AC}.Debug|Any CPU.ActiveCfg = Debug|Any CPU
		{87945845-F6C0-44BC-A085-66D613FE37AC}.Debug|Any CPU.Build.0 = Debug|Any CPU
		{87945845-F6C0-44BC-A085-66D613FE37AC}.Release|Any CPU.ActiveCfg = Release|Any CPU
		{87945845-F6C0-44BC-A085-66D613FE37AC}.Release|Any CPU.Build.0 = Release|Any CPU
	EndGlobalSection
EndGlobal
